
Microsoft Visual Studio Solution File, Format Version 12.00
# Visual Studio Version 17
VisualStudioVersion = 17.7.34031.279
MinimumVisualStudioVersion = 10.0.40219.1
Project("{FAE04EC0-301F-11D3-BF4B-00C04F79EFBC}") = "client", "client\client.csproj", "{FE6AC6E2-861D-4EF3-9305-D3D920232E1A}"
EndProject
Global
	GlobalSection(SolutionConfigurationPlatforms) = preSolution
		Debug|Any CPU = Debug|Any CPU
		Release|Any CPU = Release|Any CPU
	EndGlobalSection
	GlobalSection(ProjectConfigurationPlatforms) = postSolution
		{FE6AC6E2-861D-4EF3-9305-D3D920232E1A}.Debug|Any CPU.ActiveCfg = Debug|Any CPU
		{FE6AC6E2-861D-4EF3-9305-D3D920232E1A}.Debug|Any CPU.Build.0 = Debug|Any CPU
		{FE6AC6E2-861D-4EF3-9305-D3D920232E1A}.Release|Any CPU.ActiveCfg = Release|Any CPU
		{FE6AC6E2-861D-4EF3-9305-D3D920232E1A}.Release|Any CPU.Build.0 = Release|Any CPU
	EndGlobalSection
	GlobalSection(SolutionProperties) = preSolution
		HideSolutionNode = FALSE
	EndGlobalSection
	GlobalSection(ExtensibilityGlobals) = postSolution
		SolutionGuid = {A1713478-638E-433D-B38A-0E13AF0DA237}
	EndGlobalSection
EndGlobal
