
Microsoft Visual Studio Solution File, Format Version 12.00
# Visual Studio Version 17
VisualStudioVersion = 17.6.33815.320
MinimumVisualStudioVersion = 10.0.40219.1
Project("{FAE04EC0-301F-11D3-BF4B-00C04F79EFBC}") = "quizServer", "quizServer.csproj", "{CA46EDDB-F02E-48CB-A153-F9B5626B8C1B}"
EndProject
Global
	GlobalSection(SolutionConfigurationPlatforms) = preSolution
		Debug|Any CPU = Debug|Any CPU
		Release|Any CPU = Release|Any CPU
	EndGlobalSection
	GlobalSection(ProjectConfigurationPlatforms) = postSolution
		{CA46EDDB-F02E-48CB-A153-F9B5626B8C1B}.Debug|Any CPU.ActiveCfg = Debug|Any CPU
		{CA46EDDB-F02E-48CB-A153-F9B5626B8C1B}.Debug|Any CPU.Build.0 = Debug|Any CPU
		{CA46EDDB-F02E-48CB-A153-F9B5626B8C1B}.Release|Any CPU.ActiveCfg = Release|Any CPU
		{CA46EDDB-F02E-48CB-A153-F9B5626B8C1B}.Release|Any CPU.Build.0 = Release|Any CPU
	EndGlobalSection
	GlobalSection(SolutionProperties) = preSolution
		HideSolutionNode = FALSE
	EndGlobalSection
	GlobalSection(ExtensibilityGlobals) = postSolution
		SolutionGuid = {EB308D03-1F80-4A90-A44B-6E2785E4D696}
	EndGlobalSection
EndGlobal
